
Microsoft Visual Studio Solution File, Format Version 12.00
# Visual Studio Version 17
VisualStudioVersion = 17.14.36127.28 d17.14
MinimumVisualStudioVersion = 10.0.40219.1
Project("{FAE04EC0-301F-11D3-BF4B-00C04F79EFBC}") = "EmployeeManagementBDD", "EmployeeManagementBDD\EmployeeManagementBDD.csproj", "{4EC1351F-DC6E-405C-A4B2-8AF63D70ED64}"
EndProject
Global
	GlobalSection(SolutionConfigurationPlatforms) = preSolution
		Debug|Any CPU = Debug|Any CPU
		Release|Any CPU = Release|Any CPU
	EndGlobalSection
	GlobalSection(ProjectConfigurationPlatforms) = postSolution
		{4EC1351F-DC6E-405C-A4B2-8AF63D70ED64}.Debug|Any CPU.ActiveCfg = Debug|Any CPU
		{4EC1351F-DC6E-405C-A4B2-8AF63D70ED64}.Debug|Any CPU.Build.0 = Debug|Any CPU
		{4EC1351F-DC6E-405C-A4B2-8AF63D70ED64}.Release|Any CPU.ActiveCfg = Release|Any CPU
		{4EC1351F-DC6E-405C-A4B2-8AF63D70ED64}.Release|Any CPU.Build.0 = Release|Any CPU
	EndGlobalSection
	GlobalSection(SolutionProperties) = preSolution
		HideSolutionNode = FALSE
	EndGlobalSection
	GlobalSection(ExtensibilityGlobals) = postSolution
		SolutionGuid = {7F87389B-981C-41D3-8F37-A5EA09634124}
	EndGlobalSection
EndGlobal
